
Microsoft Visual Studio Solution File, Format Version 11.00
# Visual C++ Express 2010
Project("{8BC9CEB8-8B4A-11D0-8D11-00A0C91BC942}") = "clase06102020", "clase06102020\clase06102020.vcxproj", "{510E4928-F134-4D40-999D-4B05264C0FAC}"
EndProject
Global
	GlobalSection(SolutionConfigurationPlatforms) = preSolution
		Debug|Win32 = Debug|Win32
		Release|Win32 = Release|Win32
	EndGlobalSection
	GlobalSection(ProjectConfigurationPlatforms) = postSolution
		{510E4928-F134-4D40-999D-4B05264C0FAC}.Debug|Win32.ActiveCfg = Debug|Win32
		{510E4928-F134-4D40-999D-4B05264C0FAC}.Debug|Win32.Build.0 = Debug|Win32
		{510E4928-F134-4D40-999D-4B05264C0FAC}.Release|Win32.ActiveCfg = Release|Win32
		{510E4928-F134-4D40-999D-4B05264C0FAC}.Release|Win32.Build.0 = Release|Win32
	EndGlobalSection
	GlobalSection(SolutionProperties) = preSolution
		HideSolutionNode = FALSE
	EndGlobalSection
EndGlobal
